
Microsoft Visual Studio Solution File, Format Version 12.00
# Visual Studio Version 17
VisualStudioVersion = 17.14.37203.1 d17.14
MinimumVisualStudioVersion = 10.0.40219.1
Project("{FAE04EC0-301F-11D3-BF4B-00C04F79EFBC}") = "Mes_Controles", "Mes_Controles\Mes_Controles.csproj", "{4C3D6A47-DCAA-4F2E-AB19-56A63C3DAC73}"
EndProject
Global
	GlobalSection(SolutionConfigurationPlatforms) = preSolution
		Debug|Any CPU = Debug|Any CPU
		Release|Any CPU = Release|Any CPU
	EndGlobalSection
	GlobalSection(ProjectConfigurationPlatforms) = postSolution
		{4C3D6A47-DCAA-4F2E-AB19-56A63C3DAC73}.Debug|Any CPU.ActiveCfg = Debug|Any CPU
		{4C3D6A47-DCAA-4F2E-AB19-56A63C3DAC73}.Debug|Any CPU.Build.0 = Debug|Any CPU
		{4C3D6A47-DCAA-4F2E-AB19-56A63C3DAC73}.Release|Any CPU.ActiveCfg = Release|Any CPU
		{4C3D6A47-DCAA-4F2E-AB19-56A63C3DAC73}.Release|Any CPU.Build.0 = Release|Any CPU
	EndGlobalSection
	GlobalSection(SolutionProperties) = preSolution
		HideSolutionNode = FALSE
	EndGlobalSection
	GlobalSection(ExtensibilityGlobals) = postSolution
		SolutionGuid = {98721037-F97F-448D-85C1-BE3E1E664757}
	EndGlobalSection
EndGlobal
